
Microsoft Visual Studio Solution File, Format Version 12.00
# Visual Studio Version 17
VisualStudioVersion = 17.12.35209.166
MinimumVisualStudioVersion = 10.0.40219.1
Project("{FAE04EC0-301F-11D3-BF4B-00C04F79EFBC}") = "baitap03", "baitap03\baitap03.csproj", "{617405BF-4D82-4DB5-86E7-3F8758A7DC2A}"
EndProject
Global
	GlobalSection(SolutionConfigurationPlatforms) = preSolution
		Debug|Any CPU = Debug|Any CPU
		Release|Any CPU = Release|Any CPU
	EndGlobalSection
	GlobalSection(ProjectConfigurationPlatforms) = postSolution
		{617405BF-4D82-4DB5-86E7-3F8758A7DC2A}.Debug|Any CPU.ActiveCfg = Debug|Any CPU
		{617405BF-4D82-4DB5-86E7-3F8758A7DC2A}.Debug|Any CPU.Build.0 = Debug|Any CPU
		{617405BF-4D82-4DB5-86E7-3F8758A7DC2A}.Release|Any CPU.ActiveCfg = Release|Any CPU
		{617405BF-4D82-4DB5-86E7-3F8758A7DC2A}.Release|Any CPU.Build.0 = Release|Any CPU
	EndGlobalSection
	GlobalSection(SolutionProperties) = preSolution
		HideSolutionNode = FALSE
	EndGlobalSection
	GlobalSection(ExtensibilityGlobals) = postSolution
		SolutionGuid = {CD9C00A9-41E9-4017-A4FA-77C7A917C3C0}
	EndGlobalSection
EndGlobal
