
Microsoft Visual Studio Solution File, Format Version 12.00
# Visual Studio Version 17
VisualStudioVersion = 17.12.35209.166
MinimumVisualStudioVersion = 10.0.40219.1
Project("{FAE04EC0-301F-11D3-BF4B-00C04F79EFBC}") = "baitap06", "baitap06\baitap06.csproj", "{D9CFCB35-D652-4086-B1F7-2093748BB148}"
EndProject
Global
	GlobalSection(SolutionConfigurationPlatforms) = preSolution
		Debug|Any CPU = Debug|Any CPU
		Release|Any CPU = Release|Any CPU
	EndGlobalSection
	GlobalSection(ProjectConfigurationPlatforms) = postSolution
		{D9CFCB35-D652-4086-B1F7-2093748BB148}.Debug|Any CPU.ActiveCfg = Debug|Any CPU
		{D9CFCB35-D652-4086-B1F7-2093748BB148}.Debug|Any CPU.Build.0 = Debug|Any CPU
		{D9CFCB35-D652-4086-B1F7-2093748BB148}.Release|Any CPU.ActiveCfg = Release|Any CPU
		{D9CFCB35-D652-4086-B1F7-2093748BB148}.Release|Any CPU.Build.0 = Release|Any CPU
	EndGlobalSection
	GlobalSection(SolutionProperties) = preSolution
		HideSolutionNode = FALSE
	EndGlobalSection
	GlobalSection(ExtensibilityGlobals) = postSolution
		SolutionGuid = {EC5CFDF7-B44D-4CDD-9551-649B5F1B4CE1}
	EndGlobalSection
EndGlobal
