
Microsoft Visual Studio Solution File, Format Version 12.00
# Visual Studio Version 17
VisualStudioVersion = 17.12.35209.166
MinimumVisualStudioVersion = 10.0.40219.1
Project("{FAE04EC0-301F-11D3-BF4B-00C04F79EFBC}") = "BaiTap02-", "BaiTap02-\BaiTap02-.csproj", "{85852C80-E4DB-4C4C-9465-4F51CC1A4D39}"
EndProject
Global
	GlobalSection(SolutionConfigurationPlatforms) = preSolution
		Debug|Any CPU = Debug|Any CPU
		Release|Any CPU = Release|Any CPU
	EndGlobalSection
	GlobalSection(ProjectConfigurationPlatforms) = postSolution
		{85852C80-E4DB-4C4C-9465-4F51CC1A4D39}.Debug|Any CPU.ActiveCfg = Debug|Any CPU
		{85852C80-E4DB-4C4C-9465-4F51CC1A4D39}.Debug|Any CPU.Build.0 = Debug|Any CPU
		{85852C80-E4DB-4C4C-9465-4F51CC1A4D39}.Release|Any CPU.ActiveCfg = Release|Any CPU
		{85852C80-E4DB-4C4C-9465-4F51CC1A4D39}.Release|Any CPU.Build.0 = Release|Any CPU
	EndGlobalSection
	GlobalSection(SolutionProperties) = preSolution
		HideSolutionNode = FALSE
	EndGlobalSection
	GlobalSection(ExtensibilityGlobals) = postSolution
		SolutionGuid = {B4D1B768-D3C3-4F4C-B14E-41BD869E51A5}
	EndGlobalSection
EndGlobal
