
Microsoft Visual Studio Solution File, Format Version 12.00
# Visual Studio Version 17
VisualStudioVersion = 17.12.35209.166
MinimumVisualStudioVersion = 10.0.40219.1
Project("{FAE04EC0-301F-11D3-BF4B-00C04F79EFBC}") = "Baitapvenha2", "Baitapvenha2\Baitapvenha2.csproj", "{0BB671B4-A343-41EE-9AD4-6A0E6476CB64}"
EndProject
Global
	GlobalSection(SolutionConfigurationPlatforms) = preSolution
		Debug|Any CPU = Debug|Any CPU
		Release|Any CPU = Release|Any CPU
	EndGlobalSection
	GlobalSection(ProjectConfigurationPlatforms) = postSolution
		{0BB671B4-A343-41EE-9AD4-6A0E6476CB64}.Debug|Any CPU.ActiveCfg = Debug|Any CPU
		{0BB671B4-A343-41EE-9AD4-6A0E6476CB64}.Debug|Any CPU.Build.0 = Debug|Any CPU
		{0BB671B4-A343-41EE-9AD4-6A0E6476CB64}.Release|Any CPU.ActiveCfg = Release|Any CPU
		{0BB671B4-A343-41EE-9AD4-6A0E6476CB64}.Release|Any CPU.Build.0 = Release|Any CPU
	EndGlobalSection
	GlobalSection(SolutionProperties) = preSolution
		HideSolutionNode = FALSE
	EndGlobalSection
	GlobalSection(ExtensibilityGlobals) = postSolution
		SolutionGuid = {5C07132B-4F4B-4CC1-87D1-F87296610AE2}
	EndGlobalSection
EndGlobal
